<?xml version="1.0" encoding="utf-8"?>
<Project ToolsVersion="4.0" xmlns="http://schemas.microsoft.com/developer/msbuild/2003">
  <ItemGroup>
    <Filter Include="Source files">
      <UniqueIdentifier>{a82695a9-2417-46c6-a221-48424b1e6bb5}</UniqueIdentifier>
      <Extensions>cpp;c;cc;cxx;def;odl;idl;hpj;bat;asm;asmx</Extensions>
    </Filter>
    <Filter Include="Header files">
      <UniqueIdentifier>{90923b2e-e194-4c7e-86fc-0cfbc6e15e86}</UniqueIdentifier>
      <Extensions>h;hpp;hxx;hm;inl;inc;xsd</Extensions>
    </Filter>
    <Filter Include="Resource files">
      <UniqueIdentifier>{d5ae02df-877d-4350-995d-412dca78d599}</UniqueIdentifier>
      <Extensions>rc;ico;cur;bmp;dlg;rc2;rct;bin;rgs;gif;jpg;jpeg;jpe;resx;tiff;tif;png;wav</Extensions>
    </Filter>
    <Filter Include="VisualGDB settings">
      <UniqueIdentifier>{f6b096b7-7144-4ba4-bb34-7a82588dc3e3}</UniqueIdentifier>
    </Filter>
    <Filter Include="Header files\Sensors">
      <UniqueIdentifier>{228fca71-48e4-46bc-a4aa-3721955052e5}</UniqueIdentifier>
    </Filter>
    <Filter Include="Source files\Sensors">
      <UniqueIdentifier>{82579c0e-e04b-4aac-8a3c-2ab2e92456a6}</UniqueIdentifier>
    </Filter>
  </ItemGroup>
  <ItemGroup>
    <ClCompile Include="KafkaProducer.cpp">
      <Filter>Source files</Filter>
    </ClCompile>
    <ClCompile Include="main.cpp">
      <Filter>Source files</Filter>
    </ClCompile>
    <ClCompile Include="InfluxDB.cpp">
      <Filter>Source files</Filter>
    </ClCompile>
    <ClCompile Include="ADPS9301.cpp">
      <Filter>Source files\Sensors</Filter>
    </ClCompile>
    <ClCompile Include="HDC1000.cpp">
      <Filter>Source files\Sensors</Filter>
    </ClCompile>
    <ClCompile Include="MPU9250.cpp">
      <Filter>Source files\Sensors</Filter>
    </ClCompile>
    <ClCompile Include="Sensor.cpp">
      <Filter>Source files\Sensors</Filter>
    </ClCompile>
  </ItemGroup>
  <ItemGroup>
    <None Include="Main_UserSpace_App-Debug.vgdbsettings" />
    <None Include="Main_UserSpace_App-Release.vgdbsettings" />
  </ItemGroup>
  <ItemGroup>
    <ClInclude Include="InfluxDB.h">
      <Filter>Header files</Filter>
    </ClInclude>
    <ClInclude Include="KafkaProducer.h">
      <Filter>Header files</Filter>
    </ClInclude>
    <ClInclude Include="ADPS9301.h">
      <Filter>Header files\Sensors</Filter>
    </ClInclude>
    <ClInclude Include="HDC1000.h">
      <Filter>Header files\Sensors</Filter>
    </ClInclude>
    <ClInclude Include="MPU9250.h">
      <Filter>Header files\Sensors</Filter>
    </ClInclude>
    <ClInclude Include="Sensor.h">
      <Filter>Header files\Sensors</Filter>
    </ClInclude>
  </ItemGroup>
</Project>